
Microsoft Visual Studio Solution File, Format Version 12.00
# Visual Studio 15
VisualStudioVersion = 15.0.27130.2036
MinimumVisualStudioVersion = 10.0.40219.1
Project("{FAE04EC0-301F-11D3-BF4B-00C04F79EFBC}") = "YatzyApp.Core", "YatzyApp.Core\YatzyApp.Core.csproj", "{E0D4209A-9F37-4D99-87F9-563629A71963}"
EndProject
Project("{FAE04EC0-301F-11D3-BF4B-00C04F79EFBC}") = "YatzyApp.Console", "YatzyApp.Console\YatzyApp.Console.csproj", "{4ED16E04-B1E0-429E-AA35-3D1D698DAB41}"
EndProject
Project("{FAE04EC0-301F-11D3-BF4B-00C04F79EFBC}") = "YatzyApp.UnitTestApp", "YatzyApp.UnitTestApp\YatzyApp.UnitTestApp.csproj", "{B1835973-5167-4CB9-A11A-716017E58113}"
EndProject
Global
	GlobalSection(SolutionConfigurationPlatforms) = preSolution
		Debug|Any CPU = Debug|Any CPU
		Release|Any CPU = Release|Any CPU
	EndGlobalSection
	GlobalSection(ProjectConfigurationPlatforms) = postSolution
		{E0D4209A-9F37-4D99-87F9-563629A71963}.Debug|Any CPU.ActiveCfg = Debug|Any CPU
		{E0D4209A-9F37-4D99-87F9-563629A71963}.Debug|Any CPU.Build.0 = Debug|Any CPU
		{E0D4209A-9F37-4D99-87F9-563629A71963}.Release|Any CPU.ActiveCfg = Release|Any CPU
		{E0D4209A-9F37-4D99-87F9-563629A71963}.Release|Any CPU.Build.0 = Release|Any CPU
		{4ED16E04-B1E0-429E-AA35-3D1D698DAB41}.Debug|Any CPU.ActiveCfg = Debug|Any CPU
		{4ED16E04-B1E0-429E-AA35-3D1D698DAB41}.Debug|Any CPU.Build.0 = Debug|Any CPU
		{4ED16E04-B1E0-429E-AA35-3D1D698DAB41}.Release|Any CPU.ActiveCfg = Release|Any CPU
		{4ED16E04-B1E0-429E-AA35-3D1D698DAB41}.Release|Any CPU.Build.0 = Release|Any CPU
		{B1835973-5167-4CB9-A11A-716017E58113}.Debug|Any CPU.ActiveCfg = Debug|Any CPU
		{B1835973-5167-4CB9-A11A-716017E58113}.Debug|Any CPU.Build.0 = Debug|Any CPU
		{B1835973-5167-4CB9-A11A-716017E58113}.Release|Any CPU.ActiveCfg = Release|Any CPU
		{B1835973-5167-4CB9-A11A-716017E58113}.Release|Any CPU.Build.0 = Release|Any CPU
	EndGlobalSection
	GlobalSection(SolutionProperties) = preSolution
		HideSolutionNode = FALSE
	EndGlobalSection
	GlobalSection(ExtensibilityGlobals) = postSolution
		SolutionGuid = {CE0F8070-3CFC-48C6-B7F4-1B2EDD3D8D14}
	EndGlobalSection
EndGlobal
